
Microsoft Visual Studio Solution File, Format Version 12.00
# Visual Studio Version 17
VisualStudioVersion = 17.3.32929.385
MinimumVisualStudioVersion = 10.0.40219.1
Project("{FAE04EC0-301F-11D3-BF4B-00C04F79EFBC}") = "BankAPI", "BankAPI\BankAPI.csproj", "{CC957472-D413-40D7-9B34-71C75E90B0AD}"
EndProject
Global
	GlobalSection(SolutionConfigurationPlatforms) = preSolution
		Debug|Any CPU = Debug|Any CPU
		Release|Any CPU = Release|Any CPU
	EndGlobalSection
	GlobalSection(ProjectConfigurationPlatforms) = postSolution
		{CC957472-D413-40D7-9B34-71C75E90B0AD}.Debug|Any CPU.ActiveCfg = Debug|Any CPU
		{CC957472-D413-40D7-9B34-71C75E90B0AD}.Debug|Any CPU.Build.0 = Debug|Any CPU
		{CC957472-D413-40D7-9B34-71C75E90B0AD}.Release|Any CPU.ActiveCfg = Release|Any CPU
		{CC957472-D413-40D7-9B34-71C75E90B0AD}.Release|Any CPU.Build.0 = Release|Any CPU
	EndGlobalSection
	GlobalSection(SolutionProperties) = preSolution
		HideSolutionNode = FALSE
	EndGlobalSection
	GlobalSection(ExtensibilityGlobals) = postSolution
		SolutionGuid = {5E5B4776-FFDE-4D2E-851B-FCB6AD0C375C}
	EndGlobalSection
EndGlobal
